
Microsoft Visual Studio Solution File, Format Version 12.00
# Visual Studio Version 17
VisualStudioVersion = 17.5.33516.290
MinimumVisualStudioVersion = 10.0.40219.1
Project("{FAE04EC0-301F-11D3-BF4B-00C04F79EFBC}") = "Portfolio", "Portfolio.csproj", "{4F9DA9FE-CE1F-424D-BA50-CFEDE4A4430D}"
EndProject
Global
	GlobalSection(SolutionConfigurationPlatforms) = preSolution
		Debug|Any CPU = Debug|Any CPU
		Release|Any CPU = Release|Any CPU
	EndGlobalSection
	GlobalSection(ProjectConfigurationPlatforms) = postSolution
		{4F9DA9FE-CE1F-424D-BA50-CFEDE4A4430D}.Debug|Any CPU.ActiveCfg = Debug|Any CPU
		{4F9DA9FE-CE1F-424D-BA50-CFEDE4A4430D}.Debug|Any CPU.Build.0 = Debug|Any CPU
		{4F9DA9FE-CE1F-424D-BA50-CFEDE4A4430D}.Release|Any CPU.ActiveCfg = Release|Any CPU
		{4F9DA9FE-CE1F-424D-BA50-CFEDE4A4430D}.Release|Any CPU.Build.0 = Release|Any CPU
	EndGlobalSection
	GlobalSection(SolutionProperties) = preSolution
		HideSolutionNode = FALSE
	EndGlobalSection
	GlobalSection(ExtensibilityGlobals) = postSolution
		SolutionGuid = {FE2B40CA-6896-46A3-A408-3CB1966C67C5}
	EndGlobalSection
EndGlobal
